// !$*UTF8*$!
{
	archiveVersion = 1;
	classes = {
	};
	objectVersion = 48;
	objects = {

/* Begin PBXBuildFile section */
		DD05C9AD1F7F02520096ED7C /* Photo+CoreDataClass.swift in Sources */ = {isa = PBXBuildFile; fileRef = DD05C9A91F7F02520096ED7C /* Photo+CoreDataClass.swift */; };
		DD05C9AE1F7F02520096ED7C /* Photo+CoreDataProperties.swift in Sources */ = {isa = PBXBuildFile; fileRef = DD05C9AA1F7F02520096ED7C /* Photo+CoreDataProperties.swift */; };
		DD05C9AF1F7F02520096ED7C /* Collection+CoreDataClass.swift in Sources */ = {isa = PBXBuildFile; fileRef = DD05C9AB1F7F02520096ED7C /* Collection+CoreDataClass.swift */; };
		DD05C9B01F7F02520096ED7C /* Collection+CoreDataProperties.swift in Sources */ = {isa = PBXBuildFile; fileRef = DD05C9AC1F7F02520096ED7C /* Collection+CoreDataProperties.swift */; };
		DD05C9B41F7F17550096ED7C /* PhotoCell.swift in Sources */ = {isa = PBXBuildFile; fileRef = DD05C9B31F7F17550096ED7C /* PhotoCell.swift */; };
		DD51FFF71F7D81B900497F96 /* Constants.swift in Sources */ = {isa = PBXBuildFile; fileRef = DD51FFF61F7D81B900497F96 /* Constants.swift */; };
		DD51FFF91F7D878B00497F96 /* GCDBlackBox.swift in Sources */ = {isa = PBXBuildFile; fileRef = DD51FFF81F7D878B00497F96 /* GCDBlackBox.swift */; };
		DD51FFFF1F7DBE4D00497F96 /* CoreDataStack.swift in Sources */ = {isa = PBXBuildFile; fileRef = DD51FFFE1F7DBE4D00497F96 /* CoreDataStack.swift */; };
		DD5B2B461F7C610300840505 /* AppDelegate.swift in Sources */ = {isa = PBXBuildFile; fileRef = DD5B2B451F7C610300840505 /* AppDelegate.swift */; };
		DD5B2B481F7C610300840505 /* MapVC.swift in Sources */ = {isa = PBXBuildFile; fileRef = DD5B2B471F7C610300840505 /* MapVC.swift */; };
		DD5B2B4B1F7C610300840505 /* Main.storyboard in Resources */ = {isa = PBXBuildFile; fileRef = DD5B2B491F7C610300840505 /* Main.storyboard */; };
		DD5B2B4E1F7C610300840505 /* Virtual_Tourist.xcdatamodeld in Sources */ = {isa = PBXBuildFile; fileRef = DD5B2B4C1F7C610300840505 /* Virtual_Tourist.xcdatamodeld */; };
		DD5B2B501F7C610300840505 /* Assets.xcassets in Resources */ = {isa = PBXBuildFile; fileRef = DD5B2B4F1F7C610300840505 /* Assets.xcassets */; };
		DD5B2B531F7C610300840505 /* LaunchScreen.storyboard in Resources */ = {isa = PBXBuildFile; fileRef = DD5B2B511F7C610300840505 /* LaunchScreen.storyboard */; };
		DD5B2B5E1F7C610300840505 /* Virtual_TouristTests.swift in Sources */ = {isa = PBXBuildFile; fileRef = DD5B2B5D1F7C610300840505 /* Virtual_TouristTests.swift */; };
		DD5B2B691F7C610300840505 /* Virtual_TouristUITests.swift in Sources */ = {isa = PBXBuildFile; fileRef = DD5B2B681F7C610300840505 /* Virtual_TouristUITests.swift */; };
		DD5B2B771F7C6A3400840505 /* AlbumVC.swift in Sources */ = {isa = PBXBuildFile; fileRef = DD5B2B761F7C6A3400840505 /* AlbumVC.swift */; };
		DD5B2B791F7C890B00840505 /* FlickrClient.swift in Sources */ = {isa = PBXBuildFile; fileRef = DD5B2B781F7C890B00840505 /* FlickrClient.swift */; };
/* End PBXBuildFile section */

/* Begin PBXContainerItemProxy section */
		DD5B2B5A1F7C610300840505 /* PBXContainerItemProxy */ = {
			isa = PBXContainerItemProxy;
			containerPortal = DD5B2B3A1F7C610200840505 /* Project object */;
			proxyType = 1;
			remoteGlobalIDString = DD5B2B411F7C610200840505;
			remoteInfo = "Virtual Tourist";
		};
		DD5B2B651F7C610300840505 /* PBXContainerItemProxy */ = {
			isa = PBXContainerItemProxy;
			containerPortal = DD5B2B3A1F7C610200840505 /* Project object */;
			proxyType = 1;
			remoteGlobalIDString = DD5B2B411F7C610200840505;
			remoteInfo = "Virtual Tourist";
		};
/* End PBXContainerItemProxy section */

/* Begin PBXFileReference section */
		DD05C9A91F7F02520096ED7C /* Photo+CoreDataClass.swift */ = {isa = PBXFileReference; lastKnownFileType = sourcecode.swift; path = "Photo+CoreDataClass.swift"; sourceTree = "<group>"; };
		DD05C9AA1F7F02520096ED7C /* Photo+CoreDataProperties.swift */ = {isa = PBXFileReference; lastKnownFileType = sourcecode.swift; path = "Photo+CoreDataProperties.swift"; sourceTree = "<group>"; };
		DD05C9AB1F7F02520096ED7C /* Collection+CoreDataClass.swift */ = {isa = PBXFileReference; lastKnownFileType = sourcecode.swift; path = "Collection+CoreDataClass.swift"; sourceTree = "<group>"; };
		DD05C9AC1F7F02520096ED7C /* Collection+CoreDataProperties.swift */ = {isa = PBXFileReference; lastKnownFileType = sourcecode.swift; path = "Collection+CoreDataProperties.swift"; sourceTree = "<group>"; };
		DD05C9B31F7F17550096ED7C /* PhotoCell.swift */ = {isa = PBXFileReference; lastKnownFileType = sourcecode.swift; path = PhotoCell.swift; sourceTree = "<group>"; };
		DD05C9B51F7F1D210096ED7C /* Virtual_Tourist 2.xcdatamodel */ = {isa = PBXFileReference; lastKnownFileType = wrapper.xcdatamodel; path = "Virtual_Tourist 2.xcdatamodel"; sourceTree = "<group>"; };
		DD51FFF61F7D81B900497F96 /* Constants.swift */ = {isa = PBXFileReference; lastKnownFileType = sourcecode.swift; path = Constants.swift; sourceTree = "<group>"; };
		DD51FFF81F7D878B00497F96 /* GCDBlackBox.swift */ = {isa = PBXFileReference; lastKnownFileType = sourcecode.swift; path = GCDBlackBox.swift; sourceTree = "<group>"; };
		DD51FFFE1F7DBE4D00497F96 /* CoreDataStack.swift */ = {isa = PBXFileReference; lastKnownFileType = sourcecode.swift; path = CoreDataStack.swift; sourceTree = "<group>"; };
		DD5B2B421F7C610300840505 /* Virtual Tourist.app */ = {isa = PBXFileReference; explicitFileType = wrapper.application; includeInIndex = 0; path = "Virtual Tourist.app"; sourceTree = BUILT_PRODUCTS_DIR; };
		DD5B2B451F7C610300840505 /* AppDelegate.swift */ = {isa = PBXFileReference; lastKnownFileType = sourcecode.swift; path = AppDelegate.swift; sourceTree = "<group>"; };
		DD5B2B471F7C610300840505 /* MapVC.swift */ = {isa = PBXFileReference; lastKnownFileType = sourcecode.swift; path = MapVC.swift; sourceTree = "<group>"; };
		DD5B2B4A1F7C610300840505 /* Base */ = {isa = PBXFileReference; lastKnownFileType = file.storyboard; name = Base; path = Base.lproj/Main.storyboard; sourceTree = "<group>"; };
		DD5B2B4D1F7C610300840505 /* Virtual_Tourist.xcdatamodel */ = {isa = PBXFileReference; lastKnownFileType = wrapper.xcdatamodel; path = Virtual_Tourist.xcdatamodel; sourceTree = "<group>"; };
		DD5B2B4F1F7C610300840505 /* Assets.xcassets */ = {isa = PBXFileReference; lastKnownFileType = folder.assetcatalog; path = Assets.xcassets; sourceTree = "<group>"; };
		DD5B2B521F7C610300840505 /* Base */ = {isa = PBXFileReference; lastKnownFileType = file.storyboard; name = Base; path = Base.lproj/LaunchScreen.storyboard; sourceTree = "<group>"; };
		DD5B2B541F7C610300840505 /* Info.plist */ = {isa = PBXFileReference; lastKnownFileType = text.plist.xml; path = Info.plist; sourceTree = "<group>"; };
		DD5B2B591F7C610300840505 /* Virtual TouristTests.xctest */ = {isa = PBXFileReference; explicitFileType = wrapper.cfbundle; includeInIndex = 0; path = "Virtual TouristTests.xctest"; sourceTree = BUILT_PRODUCTS_DIR; };
		DD5B2B5D1F7C610300840505 /* Virtual_TouristTests.swift */ = {isa = PBXFileReference; lastKnownFileType = sourcecode.swift; path = Virtual_TouristTests.swift; sourceTree = "<group>"; };
		DD5B2B5F1F7C610300840505 /* Info.plist */ = {isa = PBXFileReference; lastKnownFileType = text.plist.xml; path = Info.plist; sourceTree = "<group>"; };
		DD5B2B641F7C610300840505 /* Virtual TouristUITests.xctest */ = {isa = PBXFileReference; explicitFileType = wrapper.cfbundle; includeInIndex = 0; path = "Virtual TouristUITests.xctest"; sourceTree = BUILT_PRODUCTS_DIR; };
		DD5B2B681F7C610300840505 /* Virtual_TouristUITests.swift */ = {isa = PBXFileReference; lastKnownFileType = sourcecode.swift; path = Virtual_TouristUITests.swift; sourceTree = "<group>"; };
		DD5B2B6A1F7C610300840505 /* Info.plist */ = {isa = PBXFileReference; lastKnownFileType = text.plist.xml; path = Info.plist; sourceTree = "<group>"; };
		DD5B2B761F7C6A3400840505 /* AlbumVC.swift */ = {isa = PBXFileReference; lastKnownFileType = sourcecode.swift; path = AlbumVC.swift; sourceTree = "<group>"; };
		DD5B2B781F7C890B00840505 /* FlickrClient.swift */ = {isa = PBXFileReference; lastKnownFileType = sourcecode.swift; path = FlickrClient.swift; sourceTree = "<group>"; };
		DDFC5E121F8053BC0066ABD0 /* Virtual_Tourist 3.xcdatamodel */ = {isa = PBXFileReference; lastKnownFileType = wrapper.xcdatamodel; path = "Virtual_Tourist 3.xcdatamodel"; sourceTree = "<group>"; };
/* End PBXFileReference section */

/* Begin PBXFrameworksBuildPhase section */
		DD5B2B3F1F7C610200840505 /* Frameworks */ = {
			isa = PBXFrameworksBuildPhase;
			buildActionMask = 2147483647;
			files = (
			);
			runOnlyForDeploymentPostprocessing = 0;
		};
		DD5B2B561F7C610300840505 /* Frameworks */ = {
			isa = PBXFrameworksBuildPhase;
			buildActionMask = 2147483647;
			files = (
			);
			runOnlyForDeploymentPostprocessing = 0;
		};
		DD5B2B611F7C610300840505 /* Frameworks */ = {
			isa = PBXFrameworksBuildPhase;
			buildActionMask = 2147483647;
			files = (
			);
			runOnlyForDeploymentPostprocessing = 0;
		};
/* End PBXFrameworksBuildPhase section */

/* Begin PBXGroup section */
		DD5B2B391F7C610200840505 = {
			isa = PBXGroup;
			children = (
				DD05C9A91F7F02520096ED7C /* Photo+CoreDataClass.swift */,
				DD05C9AA1F7F02520096ED7C /* Photo+CoreDataProperties.swift */,
				DD05C9AB1F7F02520096ED7C /* Collection+CoreDataClass.swift */,
				DD05C9AC1F7F02520096ED7C /* Collection+CoreDataProperties.swift */,
				DD5B2B441F7C610300840505 /* Virtual Tourist */,
				DD5B2B5C1F7C610300840505 /* Virtual TouristTests */,
				DD5B2B671F7C610300840505 /* Virtual TouristUITests */,
				DD5B2B431F7C610300840505 /* Products */,
			);
			sourceTree = "<group>";
		};
		DD5B2B431F7C610300840505 /* Products */ = {
			isa = PBXGroup;
			children = (
				DD5B2B421F7C610300840505 /* Virtual Tourist.app */,
				DD5B2B591F7C610300840505 /* Virtual TouristTests.xctest */,
				DD5B2B641F7C610300840505 /* Virtual TouristUITests.xctest */,
			);
			name = Products;
			sourceTree = "<group>";
		};
		DD5B2B441F7C610300840505 /* Virtual Tourist */ = {
			isa = PBXGroup;
			children = (
				DD5B2B451F7C610300840505 /* AppDelegate.swift */,
				DD51FFF81F7D878B00497F96 /* GCDBlackBox.swift */,
				DD5B2B471F7C610300840505 /* MapVC.swift */,
				DD5B2B761F7C6A3400840505 /* AlbumVC.swift */,
				DD5B2B781F7C890B00840505 /* FlickrClient.swift */,
				DD51FFF61F7D81B900497F96 /* Constants.swift */,
				DD5B2B491F7C610300840505 /* Main.storyboard */,
				DD51FFFE1F7DBE4D00497F96 /* CoreDataStack.swift */,
				DD05C9B31F7F17550096ED7C /* PhotoCell.swift */,
				DD5B2B4F1F7C610300840505 /* Assets.xcassets */,
				DD5B2B511F7C610300840505 /* LaunchScreen.storyboard */,
				DD5B2B541F7C610300840505 /* Info.plist */,
				DD5B2B4C1F7C610300840505 /* Virtual_Tourist.xcdatamodeld */,
			);
			path = "Virtual Tourist";
			sourceTree = "<group>";
		};
		DD5B2B5C1F7C610300840505 /* Virtual TouristTests */ = {
			isa = PBXGroup;
			children = (
				DD5B2B5D1F7C610300840505 /* Virtual_TouristTests.swift */,
				DD5B2B5F1F7C610300840505 /* Info.plist */,
			);
			path = "Virtual TouristTests";
			sourceTree = "<group>";
		};
		DD5B2B671F7C610300840505 /* Virtual TouristUITests */ = {
			isa = PBXGroup;
			children = (
				DD5B2B681F7C610300840505 /* Virtual_TouristUITests.swift */,
				DD5B2B6A1F7C610300840505 /* Info.plist */,
			);
			path = "Virtual TouristUITests";
			sourceTree = "<group>";
		};
/* End PBXGroup section */

/* Begin PBXNativeTarget section */
		DD5B2B411F7C610200840505 /* Virtual Tourist */ = {
			isa = PBXNativeTarget;
			buildConfigurationList = DD5B2B6D1F7C610300840505 /* Build configuration list for PBXNativeTarget "Virtual Tourist" */;
			buildPhases = (
				DD5B2B3E1F7C610200840505 /* Sources */,
				DD5B2B3F1F7C610200840505 /* Frameworks */,
				DD5B2B401F7C610200840505 /* Resources */,
			);
			buildRules = (
			);
			dependencies = (
			);
			name = "Virtual Tourist";
			productName = "Virtual Tourist";
			productReference = DD5B2B421F7C610300840505 /* Virtual Tourist.app */;
			productType = "com.apple.product-type.application";
		};
		DD5B2B581F7C610300840505 /* Virtual TouristTests */ = {
			isa = PBXNativeTarget;
			buildConfigurationList = DD5B2B701F7C610300840505 /* Build configuration list for PBXNativeTarget "Virtual TouristTests" */;
			buildPhases = (
				DD5B2B551F7C610300840505 /* Sources */,
				DD5B2B561F7C610300840505 /* Frameworks */,
				DD5B2B571F7C610300840505 /* Resources */,
			);
			buildRules = (
			);
			dependencies = (
				DD5B2B5B1F7C610300840505 /* PBXTargetDependency */,
			);
			name = "Virtual TouristTests";
			productName = "Virtual TouristTests";
			productReference = DD5B2B591F7C610300840505 /* Virtual TouristTests.xctest */;
			productType = "com.apple.product-type.bundle.unit-test";
		};
		DD5B2B631F7C610300840505 /* Virtual TouristUITests */ = {
			isa = PBXNativeTarget;
			buildConfigurationList = DD5B2B731F7C610300840505 /* Build configuration list for PBXNativeTarget "Virtual TouristUITests" */;
			buildPhases = (
				DD5B2B601F7C610300840505 /* Sources */,
				DD5B2B611F7C610300840505 /* Frameworks */,
				DD5B2B621F7C610300840505 /* Resources */,
			);
			buildRules = (
			);
			dependencies = (
				DD5B2B661F7C610300840505 /* PBXTargetDependency */,
			);
			name = "Virtual TouristUITests";
			productName = "Virtual TouristUITests";
			productReference = DD5B2B641F7C610300840505 /* Virtual TouristUITests.xctest */;
			productType = "com.apple.product-type.bundle.ui-testing";
		};
/* End PBXNativeTarget section */

/* Begin PBXProject section */
		DD5B2B3A1F7C610200840505 /* Project object */ = {
			isa = PBXProject;
			attributes = {
				LastSwiftUpdateCheck = 0900;
				LastUpgradeCheck = 0900;
				ORGANIZATIONNAME = "Arturo Reyes";
				TargetAttributes = {
					DD5B2B411F7C610200840505 = {
						CreatedOnToolsVersion = 9.0;
						ProvisioningStyle = Automatic;
					};
					DD5B2B581F7C610300840505 = {
						CreatedOnToolsVersion = 9.0;
						ProvisioningStyle = Automatic;
						TestTargetID = DD5B2B411F7C610200840505;
					};
					DD5B2B631F7C610300840505 = {
						CreatedOnToolsVersion = 9.0;
						ProvisioningStyle = Automatic;
						TestTargetID = DD5B2B411F7C610200840505;
					};
				};
			};
			buildConfigurationList = DD5B2B3D1F7C610200840505 /* Build configuration list for PBXProject "Virtual Tourist" */;
			compatibilityVersion = "Xcode 8.0";
			developmentRegion = en;
			hasScannedForEncodings = 0;
			knownRegions = (
				en,
				Base,
			);
			mainGroup = DD5B2B391F7C610200840505;
			productRefGroup = DD5B2B431F7C610300840505 /* Products */;
			projectDirPath = "";
			projectRoot = "";
			targets = (
				DD5B2B411F7C610200840505 /* Virtual Tourist */,
				DD5B2B581F7C610300840505 /* Virtual TouristTests */,
				DD5B2B631F7C610300840505 /* Virtual TouristUITests */,
			);
		};
/* End PBXProject section */

/* Begin PBXResourcesBuildPhase section */
		DD5B2B401F7C610200840505 /* Resources */ = {
			isa = PBXResourcesBuildPhase;
			buildActionMask = 2147483647;
			files = (
				DD5B2B531F7C610300840505 /* LaunchScreen.storyboard in Resources */,
				DD5B2B501F7C610300840505 /* Assets.xcassets in Resources */,
				DD5B2B4B1F7C610300840505 /* Main.storyboard in Resources */,
			);
			runOnlyForDeploymentPostprocessing = 0;
		};
		DD5B2B571F7C610300840505 /* Resources */ = {
			isa = PBXResourcesBuildPhase;
			buildActionMask = 2147483647;
			files = (
			);
			runOnlyForDeploymentPostprocessing = 0;
		};
		DD5B2B621F7C610300840505 /* Resources */ = {
			isa = PBXResourcesBuildPhase;
			buildActionMask = 2147483647;
			files = (
			);
			runOnlyForDeploymentPostprocessing = 0;
		};
/* End PBXResourcesBuildPhase section */

/* Begin PBXSourcesBuildPhase section */
		DD5B2B3E1F7C610200840505 /* Sources */ = {
			isa = PBXSourcesBuildPhase;
			buildActionMask = 2147483647;
			files = (
				DD05C9B41F7F17550096ED7C /* PhotoCell.swift in Sources */,
				DD05C9AD1F7F02520096ED7C /* Photo+CoreDataClass.swift in Sources */,
				DD05C9B01F7F02520096ED7C /* Collection+CoreDataProperties.swift in Sources */,
				DD05C9AF1F7F02520096ED7C /* Collection+CoreDataClass.swift in Sources */,
				DD5B2B481F7C610300840505 /* MapVC.swift in Sources */,
				DD5B2B791F7C890B00840505 /* FlickrClient.swift in Sources */,
				DD5B2B4E1F7C610300840505 /* Virtual_Tourist.xcdatamodeld in Sources */,
				DD5B2B771F7C6A3400840505 /* AlbumVC.swift in Sources */,
				DD51FFFF1F7DBE4D00497F96 /* CoreDataStack.swift in Sources */,
				DD5B2B461F7C610300840505 /* AppDelegate.swift in Sources */,
				DD51FFF71F7D81B900497F96 /* Constants.swift in Sources */,
				DD05C9AE1F7F02520096ED7C /* Photo+CoreDataProperties.swift in Sources */,
				DD51FFF91F7D878B00497F96 /* GCDBlackBox.swift in Sources */,
			);
			runOnlyForDeploymentPostprocessing = 0;
		};
		DD5B2B551F7C610300840505 /* Sources */ = {
			isa = PBXSourcesBuildPhase;
			buildActionMask = 2147483647;
			files = (
				DD5B2B5E1F7C610300840505 /* Virtual_TouristTests.swift in Sources */,
			);
			runOnlyForDeploymentPostprocessing = 0;
		};
		DD5B2B601F7C610300840505 /* Sources */ = {
			isa = PBXSourcesBuildPhase;
			buildActionMask = 2147483647;
			files = (
				DD5B2B691F7C610300840505 /* Virtual_TouristUITests.swift in Sources */,
			);
			runOnlyForDeploymentPostprocessing = 0;
		};
/* End PBXSourcesBuildPhase section */

/* Begin PBXTargetDependency section */
		DD5B2B5B1F7C610300840505 /* PBXTargetDependency */ = {
			isa = PBXTargetDependency;
			target = DD5B2B411F7C610200840505 /* Virtual Tourist */;
			targetProxy = DD5B2B5A1F7C610300840505 /* PBXContainerItemProxy */;
		};
		DD5B2B661F7C610300840505 /* PBXTargetDependency */ = {
			isa = PBXTargetDependency;
			target = DD5B2B411F7C610200840505 /* Virtual Tourist */;
			targetProxy = DD5B2B651F7C610300840505 /* PBXContainerItemProxy */;
		};
/* End PBXTargetDependency section */

/* Begin PBXVariantGroup section */
		DD5B2B491F7C610300840505 /* Main.storyboard */ = {
			isa = PBXVariantGroup;
			children = (
				DD5B2B4A1F7C610300840505 /* Base */,
			);
			name = Main.storyboard;
			sourceTree = "<group>";
		};
		DD5B2B511F7C610300840505 /* LaunchScreen.storyboard */ = {
			isa = PBXVariantGroup;
			children = (
				DD5B2B521F7C610300840505 /* Base */,
			);
			name = LaunchScreen.storyboard;
			sourceTree = "<group>";
		};
/* End PBXVariantGroup section */

/* Begin XCBuildConfiguration section */
		DD5B2B6B1F7C610300840505 /* Debug */ = {
			isa = XCBuildConfiguration;
			buildSettings = {
				ALWAYS_SEARCH_USER_PATHS = NO;
				CLANG_ANALYZER_NONNULL = YES;
				CLANG_ANALYZER_NUMBER_OBJECT_CONVERSION = YES_AGGRESSIVE;
				CLANG_CXX_LANGUAGE_STANDARD = "gnu++14";
				CLANG_CXX_LIBRARY = "libc++";
				CLANG_ENABLE_MODULES = YES;
				CLANG_ENABLE_OBJC_ARC = YES;
				CLANG_WARN_BLOCK_CAPTURE_AUTORELEASING = YES;
				CLANG_WARN_BOOL_CONVERSION = YES;
				CLANG_WARN_COMMA = YES;
				CLANG_WARN_CONSTANT_CONVERSION = YES;
				CLANG_WARN_DIRECT_OBJC_ISA_USAGE = YES_ERROR;
				CLANG_WARN_DOCUMENTATION_COMMENTS = YES;
				CLANG_WARN_EMPTY_BODY = YES;
				CLANG_WARN_ENUM_CONVERSION = YES;
				CLANG_WARN_INFINITE_RECURSION = YES;
				CLANG_WARN_INT_CONVERSION = YES;
				CLANG_WARN_NON_LITERAL_NULL_CONVERSION = YES;
				CLANG_WARN_OBJC_LITERAL_CONVERSION = YES;
				CLANG_WARN_OBJC_ROOT_CLASS = YES_ERROR;
				CLANG_WARN_RANGE_LOOP_ANALYSIS = YES;
				CLANG_WARN_STRICT_PROTOTYPES = YES;
				CLANG_WARN_SUSPICIOUS_MOVE = YES;
				CLANG_WARN_UNGUARDED_AVAILABILITY = YES_AGGRESSIVE;
				CLANG_WARN_UNREACHABLE_CODE = YES;
				CLANG_WARN__DUPLICATE_METHOD_MATCH = YES;
				CODE_SIGN_IDENTITY = "iPhone Developer";
				COPY_PHASE_STRIP = NO;
				DEBUG_INFORMATION_FORMAT = dwarf;
				ENABLE_STRICT_OBJC_MSGSEND = YES;
				ENABLE_TESTABILITY = YES;
				GCC_C_LANGUAGE_STANDARD = gnu11;
				GCC_DYNAMIC_NO_PIC = NO;
				GCC_NO_COMMON_BLOCKS = YES;
				GCC_OPTIMIZATION_LEVEL = 0;
				GCC_PREPROCESSOR_DEFINITIONS = (
					"DEBUG=1",
					"$(inherited)",
				);
				GCC_WARN_64_TO_32_BIT_CONVERSION = YES;
				GCC_WARN_ABOUT_RETURN_TYPE = YES_ERROR;
				GCC_WARN_UNDECLARED_SELECTOR = YES;
				GCC_WARN_UNINITIALIZED_AUTOS = YES_AGGRESSIVE;
				GCC_WARN_UNUSED_FUNCTION = YES;
				GCC_WARN_UNUSED_VARIABLE = YES;
				IPHONEOS_DEPLOYMENT_TARGET = 11.0;
				MTL_ENABLE_DEBUG_INFO = YES;
				ONLY_ACTIVE_ARCH = YES;
				SDKROOT = iphoneos;
				SWIFT_ACTIVE_COMPILATION_CONDITIONS = DEBUG;
				SWIFT_OPTIMIZATION_LEVEL = "-Onone";
			};
			name = Debug;
		};
		DD5B2B6C1F7C610300840505 /* Release */ = {
			isa = XCBuildConfiguration;
			buildSettings = {
				ALWAYS_SEARCH_USER_PATHS = NO;
				CLANG_ANALYZER_NONNULL = YES;
				CLANG_ANALYZER_NUMBER_OBJECT_CONVERSION = YES_AGGRESSIVE;
				CLANG_CXX_LANGUAGE_STANDARD = "gnu++14";
				CLANG_CXX_LIBRARY = "libc++";
				CLANG_ENABLE_MODULES = YES;
				CLANG_ENABLE_OBJC_ARC = YES;
				CLANG_WARN_BLOCK_CAPTURE_AUTORELEASING = YES;
				CLANG_WARN_BOOL_CONVERSION = YES;
				CLANG_WARN_COMMA = YES;
				CLANG_WARN_CONSTANT_CONVERSION = YES;
				CLANG_WARN_DIRECT_OBJC_ISA_USAGE = YES_ERROR;
				CLANG_WARN_DOCUMENTATION_COMMENTS = YES;
				CLANG_WARN_EMPTY_BODY = YES;
				CLANG_WARN_ENUM_CONVERSION = YES;
				CLANG_WARN_INFINITE_RECURSION = YES;
				CLANG_WARN_INT_CONVERSION = YES;
				CLANG_WARN_NON_LITERAL_NULL_CONVERSION = YES;
				CLANG_WARN_OBJC_LITERAL_CONVERSION = YES;
				CLANG_WARN_OBJC_ROOT_CLASS = YES_ERROR;
				CLANG_WARN_RANGE_LOOP_ANALYSIS = YES;
				CLANG_WARN_STRICT_PROTOTYPES = YES;
				CLANG_WARN_SUSPICIOUS_MOVE = YES;
				CLANG_WARN_UNGUARDED_AVAILABILITY = YES_AGGRESSIVE;
				CLANG_WARN_UNREACHABLE_CODE = YES;
				CLANG_WARN__DUPLICATE_METHOD_MATCH = YES;
				CODE_SIGN_IDENTITY = "iPhone Developer";
				COPY_PHASE_STRIP = NO;
				DEBUG_INFORMATION_FORMAT = "dwarf-with-dsym";
				ENABLE_NS_ASSERTIONS = NO;
				ENABLE_STRICT_OBJC_MSGSEND = YES;
				GCC_C_LANGUAGE_STANDARD = gnu11;
				GCC_NO_COMMON_BLOCKS = YES;
				GCC_WARN_64_TO_32_BIT_CONVERSION = YES;
				GCC_WARN_ABOUT_RETURN_TYPE = YES_ERROR;
				GCC_WARN_UNDECLARED_SELECTOR = YES;
				GCC_WARN_UNINITIALIZED_AUTOS = YES_AGGRESSIVE;
				GCC_WARN_UNUSED_FUNCTION = YES;
				GCC_WARN_UNUSED_VARIABLE = YES;
				IPHONEOS_DEPLOYMENT_TARGET = 11.0;
				MTL_ENABLE_DEBUG_INFO = NO;
				SDKROOT = iphoneos;
				SWIFT_OPTIMIZATION_LEVEL = "-Owholemodule";
				VALIDATE_PRODUCT = YES;
			};
			name = Release;
		};
		DD5B2B6E1F7C610300840505 /* Debug */ = {
			isa = XCBuildConfiguration;
			buildSettings = {
				ASSETCATALOG_COMPILER_APPICON_NAME = AppIcon;
				CODE_SIGN_STYLE = Automatic;
				DEVELOPMENT_TEAM = L49JS5X5VY;
				INFOPLIST_FILE = "Virtual Tourist/Info.plist";
				LD_RUNPATH_SEARCH_PATHS = "$(inherited) @executable_path/Frameworks";
				PRODUCT_BUNDLE_IDENTIFIER = "arturoreyes.Virtual-Tourist";
				PRODUCT_NAME = "$(TARGET_NAME)";
				SWIFT_VERSION = 4.0;
				TARGETED_DEVICE_FAMILY = "1,2";
			};
			name = Debug;
		};
		DD5B2B6F1F7C610300840505 /* Release */ = {
			isa = XCBuildConfiguration;
			buildSettings = {
				ASSETCATALOG_COMPILER_APPICON_NAME = AppIcon;
				CODE_SIGN_STYLE = Automatic;
				DEVELOPMENT_TEAM = L49JS5X5VY;
				INFOPLIST_FILE = "Virtual Tourist/Info.plist";
				LD_RUNPATH_SEARCH_PATHS = "$(inherited) @executable_path/Frameworks";
				PRODUCT_BUNDLE_IDENTIFIER = "arturoreyes.Virtual-Tourist";
				PRODUCT_NAME = "$(TARGET_NAME)";
				SWIFT_VERSION = 4.0;
				TARGETED_DEVICE_FAMILY = "1,2";
			};
			name = Release;
		};
		DD5B2B711F7C610300840505 /* Debug */ = {
			isa = XCBuildConfiguration;
			buildSettings = {
				ALWAYS_EMBED_SWIFT_STANDARD_LIBRARIES = YES;
				BUNDLE_LOADER = "$(TEST_HOST)";
				CODE_SIGN_STYLE = Automatic;
				DEVELOPMENT_TEAM = L49JS5X5VY;
				INFOPLIST_FILE = "Virtual TouristTests/Info.plist";
				LD_RUNPATH_SEARCH_PATHS = "$(inherited) @executable_path/Frameworks @loader_path/Frameworks";
				PRODUCT_BUNDLE_IDENTIFIER = "arturoreyes.Virtual-TouristTests";
				PRODUCT_NAME = "$(TARGET_NAME)";
				SWIFT_VERSION = 4.0;
				TARGETED_DEVICE_FAMILY = "1,2";
				TEST_HOST = "$(BUILT_PRODUCTS_DIR)/Virtual Tourist.app/Virtual Tourist";
			};
			name = Debug;
		};
		DD5B2B721F7C610300840505 /* Release */ = {
			isa = XCBuildConfiguration;
			buildSettings = {
				ALWAYS_EMBED_SWIFT_STANDARD_LIBRARIES = YES;
				BUNDLE_LOADER = "$(TEST_HOST)";
				CODE_SIGN_STYLE = Automatic;
				DEVELOPMENT_TEAM = L49JS5X5VY;
				INFOPLIST_FILE = "Virtual TouristTests/Info.plist";
				LD_RUNPATH_SEARCH_PATHS = "$(inherited) @executable_path/Frameworks @loader_path/Frameworks";
				PRODUCT_BUNDLE_IDENTIFIER = "arturoreyes.Virtual-TouristTests";
				PRODUCT_NAME = "$(TARGET_NAME)";
				SWIFT_VERSION = 4.0;
				TARGETED_DEVICE_FAMILY = "1,2";
				TEST_HOST = "$(BUILT_PRODUCTS_DIR)/Virtual Tourist.app/Virtual Tourist";
			};
			name = Release;
		};
		DD5B2B741F7C610300840505 /* Debug */ = {
			isa = XCBuildConfiguration;
			buildSettings = {
				ALWAYS_EMBED_SWIFT_STANDARD_LIBRARIES = YES;
				CODE_SIGN_STYLE = Automatic;
				DEVELOPMENT_TEAM = L49JS5X5VY;
				INFOPLIST_FILE = "Virtual TouristUITests/Info.plist";
				LD_RUNPATH_SEARCH_PATHS = "$(inherited) @executable_path/Frameworks @loader_path/Frameworks";
				PRODUCT_BUNDLE_IDENTIFIER = "arturoreyes.Virtual-TouristUITests";
				PRODUCT_NAME = "$(TARGET_NAME)";
				SWIFT_VERSION = 4.0;
				TARGETED_DEVICE_FAMILY = "1,2";
				TEST_TARGET_NAME = "Virtual Tourist";
			};
			name = Debug;
		};
		DD5B2B751F7C610300840505 /* Release */ = {
			isa = XCBuildConfiguration;
			buildSettings = {
				ALWAYS_EMBED_SWIFT_STANDARD_LIBRARIES = YES;
				CODE_SIGN_STYLE = Automatic;
				DEVELOPMENT_TEAM = L49JS5X5VY;
				INFOPLIST_FILE = "Virtual TouristUITests/Info.plist";
				LD_RUNPATH_SEARCH_PATHS = "$(inherited) @executable_path/Frameworks @loader_path/Frameworks";
				PRODUCT_BUNDLE_IDENTIFIER = "arturoreyes.Virtual-TouristUITests";
				PRODUCT_NAME = "$(TARGET_NAME)";
				SWIFT_VERSION = 4.0;
				TARGETED_DEVICE_FAMILY = "1,2";
				TEST_TARGET_NAME = "Virtual Tourist";
			};
			name = Release;
		};
/* End XCBuildConfiguration section */

/* Begin XCConfigurationList section */
		DD5B2B3D1F7C610200840505 /* Build configuration list for PBXProject "Virtual Tourist" */ = {
			isa = XCConfigurationList;
			buildConfigurations = (
				DD5B2B6B1F7C610300840505 /* Debug */,
				DD5B2B6C1F7C610300840505 /* Release */,
			);
			defaultConfigurationIsVisible = 0;
			defaultConfigurationName = Release;
		};
		DD5B2B6D1F7C610300840505 /* Build configuration list for PBXNativeTarget "Virtual Tourist" */ = {
			isa = XCConfigurationList;
			buildConfigurations = (
				DD5B2B6E1F7C610300840505 /* Debug */,
				DD5B2B6F1F7C610300840505 /* Release */,
			);
			defaultConfigurationIsVisible = 0;
			defaultConfigurationName = Release;
		};
		DD5B2B701F7C610300840505 /* Build configuration list for PBXNativeTarget "Virtual TouristTests" */ = {
			isa = XCConfigurationList;
			buildConfigurations = (
				DD5B2B711F7C610300840505 /* Debug */,
				DD5B2B721F7C610300840505 /* Release */,
			);
			defaultConfigurationIsVisible = 0;
			defaultConfigurationName = Release;
		};
		DD5B2B731F7C610300840505 /* Build configuration list for PBXNativeTarget "Virtual TouristUITests" */ = {
			isa = XCConfigurationList;
			buildConfigurations = (
				DD5B2B741F7C610300840505 /* Debug */,
				DD5B2B751F7C610300840505 /* Release */,
			);
			defaultConfigurationIsVisible = 0;
			defaultConfigurationName = Release;
		};
/* End XCConfigurationList section */

/* Begin XCVersionGroup section */
		DD5B2B4C1F7C610300840505 /* Virtual_Tourist.xcdatamodeld */ = {
			isa = XCVersionGroup;
			children = (
				DDFC5E121F8053BC0066ABD0 /* Virtual_Tourist 3.xcdatamodel */,
				DD05C9B51F7F1D210096ED7C /* Virtual_Tourist 2.xcdatamodel */,
				DD5B2B4D1F7C610300840505 /* Virtual_Tourist.xcdatamodel */,
			);
			currentVersion = DDFC5E121F8053BC0066ABD0 /* Virtual_Tourist 3.xcdatamodel */;
			path = Virtual_Tourist.xcdatamodeld;
			sourceTree = "<group>";
			versionGroupType = wrapper.xcdatamodel;
		};
/* End XCVersionGroup section */
	};
	rootObject = DD5B2B3A1F7C610200840505 /* Project object */;
}
